// !$*UTF8*$!
{
	archiveVersion = 1;
	classes = {
	};
	objectVersion = 56;
	objects = {

/* Begin PBXBuildFile section */
		A001 /* BackgroundKeepAliveApp.swift in Sources */ = {isa = PBXBuildFile; fileRef = F001 /* BackgroundKeepAliveApp.swift */; };
		A002 /* AppDelegate.swift in Sources */ = {isa = PBXBuildFile; fileRef = F002 /* AppDelegate.swift */; };
		A003 /* ContentView.swift in Sources */ = {isa = PBXBuildFile; fileRef = F003 /* ContentView.swift */; };
		A004 /* LocationKeepAliveManager.swift in Sources */ = {isa = PBXBuildFile; fileRef = F004 /* LocationKeepAliveManager.swift */; };
		A005 /* SilentAudioManager.swift in Sources */ = {isa = PBXBuildFile; fileRef = F005 /* SilentAudioManager.swift */; };
		A006 /* BackgroundActivityLog.swift in Sources */ = {isa = PBXBuildFile; fileRef = F006 /* BackgroundActivityLog.swift */; };
/* End PBXBuildFile section */

/* Begin PBXFileReference section */
		F001 /* BackgroundKeepAliveApp.swift */ = {isa = PBXFileReference; lastKnownFileType = sourcecode.swift; path = BackgroundKeepAliveApp.swift; sourceTree = "<group>"; };
		F002 /* AppDelegate.swift */ = {isa = PBXFileReference; lastKnownFileType = sourcecode.swift; path = AppDelegate.swift; sourceTree = "<group>"; };
		F003 /* ContentView.swift */ = {isa = PBXFileReference; lastKnownFileType = sourcecode.swift; path = ContentView.swift; sourceTree = "<group>"; };
		F004 /* LocationKeepAliveManager.swift */ = {isa = PBXFileReference; lastKnownFileType = sourcecode.swift; path = LocationKeepAliveManager.swift; sourceTree = "<group>"; };
		F005 /* SilentAudioManager.swift */ = {isa = PBXFileReference; lastKnownFileType = sourcecode.swift; path = SilentAudioManager.swift; sourceTree = "<group>"; };
		F006 /* BackgroundActivityLog.swift */ = {isa = PBXFileReference; lastKnownFileType = sourcecode.swift; path = BackgroundActivityLog.swift; sourceTree = "<group>"; };
		F007 /* Info.plist */ = {isa = PBXFileReference; lastKnownFileType = text.plist.xml; path = Info.plist; sourceTree = "<group>"; };
		PROD /* BackgroundKeepAlive.app */ = {isa = PBXFileReference; explicitFileType = wrapper.application; includeInIndex = 0; path = BackgroundKeepAlive.app; sourceTree = BUILT_PRODUCTS_DIR; };
/* End PBXFileReference section */

/* Begin PBXGroup section */
		PRODGRP /* Products */ = {
			isa = PBXGroup;
			children = (
				PROD /* BackgroundKeepAlive.app */,
			);
			name = Products;
			sourceTree = "<group>";
		};
		ROOT = {
			isa = PBXGroup;
			children = (
				SRCGRP /* BackgroundKeepAlive */,
				PRODGRP /* Products */,
			);
			sourceTree = "<group>";
		};
		SRCGRP /* BackgroundKeepAlive */ = {
			isa = PBXGroup;
			children = (
				F001 /* BackgroundKeepAliveApp.swift */,
				F002 /* AppDelegate.swift */,
				F003 /* ContentView.swift */,
				F004 /* LocationKeepAliveManager.swift */,
				F005 /* SilentAudioManager.swift */,
				F006 /* BackgroundActivityLog.swift */,
				F007 /* Info.plist */,
			);
			path = BackgroundKeepAlive;
			sourceTree = "<group>";
		};
/* End PBXGroup section */

/* Begin PBXNativeTarget section */
		TARGET /* BackgroundKeepAlive */ = {
			isa = PBXNativeTarget;
			buildConfigurationList = BCLLIST /* Build configuration list for PBXNativeTarget "BackgroundKeepAlive" */;
			buildPhases = (
				SRCPHASE /* Sources */,
				RESPHASE /* Resources */,
			);
			buildRules = (
			);
			dependencies = (
			);
			name = BackgroundKeepAlive;
			productName = BackgroundKeepAlive;
			productReference = PROD /* BackgroundKeepAlive.app */;
			productType = "com.apple.product-type.application";
		};
/* End PBXNativeTarget section */

/* Begin PBXProject section */
		PROJECT /* Project object */ = {
			isa = PBXProject;
			attributes = {
				BuildIndependentTargetsInParallel = 1;
				LastSwiftUpdateCheck = 1500;
				LastUpgradeCheck = 1500;
				TargetAttributes = {
					TARGET = {
						CreatedOnToolsVersion = 15.0;
					};
				};
			};
			buildConfigurationList = PROJBCL /* Build configuration list for PBXProject "BackgroundKeepAlive" */;
			compatibilityVersion = "Xcode 14.0";
			developmentRegion = en;
			hasScannedForEncodings = 0;
			knownRegions = (
				en,
				Base,
			);
			mainGroup = ROOT;
			productRefGroup = PRODGRP /* Products */;
			projectDirPath = "";
			projectRoot = "";
			targets = (
				TARGET /* BackgroundKeepAlive */,
			);
		};
/* End PBXProject section */

/* Begin PBXResourcesBuildPhase section */
		RESPHASE /* Resources */ = {
			isa = PBXResourcesBuildPhase;
			buildActionMask = 2147483647;
			files = (
			);
			runOnlyForDeploymentPostprocessing = 0;
		};
/* End PBXResourcesBuildPhase section */

/* Begin PBXSourcesBuildPhase section */
		SRCPHASE /* Sources */ = {
			isa = PBXSourcesBuildPhase;
			buildActionMask = 2147483647;
			files = (
				A001 /* BackgroundKeepAliveApp.swift in Sources */,
				A002 /* AppDelegate.swift in Sources */,
				A003 /* ContentView.swift in Sources */,
				A004 /* LocationKeepAliveManager.swift in Sources */,
				A005 /* SilentAudioManager.swift in Sources */,
				A006 /* BackgroundActivityLog.swift in Sources */,
			);
			runOnlyForDeploymentPostprocessing = 0;
		};
/* End PBXSourcesBuildPhase section */

/* Begin XCBuildConfiguration section */
		PROJDBG /* Debug */ = {
			isa = XCBuildConfiguration;
			buildSettings = {
				ALWAYS_SEARCH_USER_PATHS = NO;
				CLANG_ANALYZER_NONNULL = YES;
				CLANG_CXX_LANGUAGE_STANDARD = "gnu++20";
				CLANG_ENABLE_MODULES = YES;
				CLANG_ENABLE_OBJC_ARC = YES;
				COPY_PHASE_STRIP = NO;
				DEBUG_INFORMATION_FORMAT = dwarf;
				ENABLE_STRICT_OBJC_MSGSEND = YES;
				ENABLE_TESTABILITY = YES;
				GCC_C_LANGUAGE_STANDARD = gnu17;
				GCC_DYNAMIC_NO_PIC = NO;
				GCC_OPTIMIZATION_LEVEL = 0;
				GCC_PREPROCESSOR_DEFINITIONS = (
					"DEBUG=1",
					"$(inherited)",
				);
				MTL_ENABLE_DEBUG_INFO = INCLUDE_SOURCE;
				MTL_FAST_MATH = YES;
				ONLY_ACTIVE_ARCH = YES;
				SWIFT_ACTIVE_COMPILATION_CONDITIONS = DEBUG;
				SWIFT_OPTIMIZATION_LEVEL = "-Onone";
			};
			name = Debug;
		};
		PROJREL /* Release */ = {
			isa = XCBuildConfiguration;
			buildSettings = {
				ALWAYS_SEARCH_USER_PATHS = NO;
				CLANG_ANALYZER_NONNULL = YES;
				CLANG_CXX_LANGUAGE_STANDARD = "gnu++20";
				CLANG_ENABLE_MODULES = YES;
				CLANG_ENABLE_OBJC_ARC = YES;
				COPY_PHASE_STRIP = NO;
				DEBUG_INFORMATION_FORMAT = "dwarf-with-dsym";
				ENABLE_NS_ASSERTIONS = NO;
				ENABLE_STRICT_OBJC_MSGSEND = YES;
				GCC_C_LANGUAGE_STANDARD = gnu17;
				MTL_FAST_MATH = YES;
				SWIFT_COMPILATION_MODE = wholemodule;
				SWIFT_OPTIMIZATION_LEVEL = "-O";
			};
			name = Release;
		};
		TGTDBG /* Debug */ = {
			isa = XCBuildConfiguration;
			buildSettings = {
				ASSETCATALOG_COMPILER_APPICON_NAME = AppIcon;
				ASSETCATALOG_COMPILER_GLOBAL_ACCENT_COLOR_NAME = AccentColor;
				CODE_SIGN_STYLE = Manual;
				CURRENT_PROJECT_VERSION = 1;
				DEVELOPMENT_TEAM = "";
				GENERATE_INFOPLIST_FILE = NO;
				INFOPLIST_FILE = BackgroundKeepAlive/Info.plist;
				IPHONEOS_DEPLOYMENT_TARGET = 16.0;
				LD_RUNPATH_SEARCH_PATHS = (
					"$(inherited)",
					"@executable_path/Frameworks",
				);
				MARKETING_VERSION = 1.0;
				PRODUCT_BUNDLE_IDENTIFIER = com.yourapp.backgroundkeepalive;
				PRODUCT_NAME = "$(TARGET_NAME)";
				PROVISIONING_PROFILE_SPECIFIER = "";
				SUPPORTED_PLATFORMS = "iphoneos iphonesimulator";
				SUPPORTS_MACCATALYST = NO;
				SWIFT_EMIT_LOC_STRINGS = YES;
				SWIFT_VERSION = 5.0;
				TARGETED_DEVICE_FAMILY = 1;
			};
			name = Debug;
		};
		TGTREL /* Release */ = {
			isa = XCBuildConfiguration;
			buildSettings = {
				ASSETCATALOG_COMPILER_APPICON_NAME = AppIcon;
				ASSETCATALOG_COMPILER_GLOBAL_ACCENT_COLOR_NAME = AccentColor;
				CODE_SIGN_STYLE = Manual;
				CURRENT_PROJECT_VERSION = 1;
				DEVELOPMENT_TEAM = "";
				GENERATE_INFOPLIST_FILE = NO;
				INFOPLIST_FILE = BackgroundKeepAlive/Info.plist;
				IPHONEOS_DEPLOYMENT_TARGET = 16.0;
				LD_RUNPATH_SEARCH_PATHS = (
					"$(inherited)",
					"@executable_path/Frameworks",
				);
				MARKETING_VERSION = 1.0;
				PRODUCT_BUNDLE_IDENTIFIER = com.yourapp.backgroundkeepalive;
				PRODUCT_NAME = "$(TARGET_NAME)";
				PROVISIONING_PROFILE_SPECIFIER = "";
				SUPPORTED_PLATFORMS = "iphoneos iphonesimulator";
				SUPPORTS_MACCATALYST = NO;
				SWIFT_EMIT_LOC_STRINGS = YES;
				SWIFT_VERSION = 5.0;
				TARGETED_DEVICE_FAMILY = 1;
			};
			name = Release;
		};
/* End XCBuildConfiguration section */

/* Begin XCConfigurationList section */
		BCLLIST /* Build configuration list for PBXNativeTarget "BackgroundKeepAlive" */ = {
			isa = XCConfigurationList;
			buildConfigurations = (
				TGTDBG /* Debug */,
				TGTREL /* Release */,
			);
			defaultConfigurationIsVisible = 0;
			defaultConfigurationName = Release;
		};
		PROJBCL /* Build configuration list for PBXProject "BackgroundKeepAlive" */ = {
			isa = XCConfigurationList;
			buildConfigurations = (
				PROJDBG /* Debug */,
				PROJREL /* Release */,
			);
			defaultConfigurationIsVisible = 0;
			defaultConfigurationName = Release;
		};
/* End XCConfigurationList section */
	};
	rootObject = PROJECT /* Project object */;
}
